// !$*UTF8*$!
{
	archiveVersion = 1;
	classes = {
	};
	objectVersion = 46;
	objects = {

/* Begin PBXBuildFile section */
		AE28638318132AE6007BC8DD /* InstrumentNode.m in Sources */ = {isa = PBXBuildFile; fileRef = AE28638218132AE6007BC8DD /* InstrumentNode.m */; };
		AE3907901812ECD7001D7BBE /* Foundation.framework in Frameworks */ = {isa = PBXBuildFile; fileRef = AE39078F1812ECD7001D7BBE /* Foundation.framework */; };
		AE3907921812ECD7001D7BBE /* CoreGraphics.framework in Frameworks */ = {isa = PBXBuildFile; fileRef = AE3907911812ECD7001D7BBE /* CoreGraphics.framework */; };
		AE3907941812ECD7001D7BBE /* UIKit.framework in Frameworks */ = {isa = PBXBuildFile; fileRef = AE3907931812ECD7001D7BBE /* UIKit.framework */; };
		AE3907961812ECD7001D7BBE /* SpriteKit.framework in Frameworks */ = {isa = PBXBuildFile; fileRef = AE3907951812ECD7001D7BBE /* SpriteKit.framework */; };
		AE39079C1812ECD7001D7BBE /* InfoPlist.strings in Resources */ = {isa = PBXBuildFile; fileRef = AE39079A1812ECD7001D7BBE /* InfoPlist.strings */; };
		AE39079E1812ECD8001D7BBE /* main.m in Sources */ = {isa = PBXBuildFile; fileRef = AE39079D1812ECD8001D7BBE /* main.m */; };
		AE3907A21812ECD8001D7BBE /* DPAppDelegate.m in Sources */ = {isa = PBXBuildFile; fileRef = AE3907A11812ECD8001D7BBE /* DPAppDelegate.m */; };
		AE3907A51812ECD8001D7BBE /* Main_iPhone.storyboard in Resources */ = {isa = PBXBuildFile; fileRef = AE3907A31812ECD8001D7BBE /* Main_iPhone.storyboard */; };
		AE3907A81812ECD8001D7BBE /* Main_iPad.storyboard in Resources */ = {isa = PBXBuildFile; fileRef = AE3907A61812ECD8001D7BBE /* Main_iPad.storyboard */; };
		AE3907AB1812ECD8001D7BBE /* DPViewController.m in Sources */ = {isa = PBXBuildFile; fileRef = AE3907AA1812ECD8001D7BBE /* DPViewController.m */; };
		AE3907AE1812ECD8001D7BBE /* DPMyScene.m in Sources */ = {isa = PBXBuildFile; fileRef = AE3907AD1812ECD8001D7BBE /* DPMyScene.m */; };
		AE3907B21812ECD8001D7BBE /* Images.xcassets in Resources */ = {isa = PBXBuildFile; fileRef = AE3907B11812ECD8001D7BBE /* Images.xcassets */; };
		AE3907B91812ECD8001D7BBE /* XCTest.framework in Frameworks */ = {isa = PBXBuildFile; fileRef = AE3907B81812ECD8001D7BBE /* XCTest.framework */; };
		AE3907BA1812ECD8001D7BBE /* Foundation.framework in Frameworks */ = {isa = PBXBuildFile; fileRef = AE39078F1812ECD7001D7BBE /* Foundation.framework */; };
		AE3907BB1812ECD8001D7BBE /* UIKit.framework in Frameworks */ = {isa = PBXBuildFile; fileRef = AE3907931812ECD7001D7BBE /* UIKit.framework */; };
		AE3907C31812ECD8001D7BBE /* InfoPlist.strings in Resources */ = {isa = PBXBuildFile; fileRef = AE3907C11812ECD8001D7BBE /* InfoPlist.strings */; };
		AE3907C51812ECD8001D7BBE /* dropBeatsTests.m in Sources */ = {isa = PBXBuildFile; fileRef = AE3907C41812ECD8001D7BBE /* dropBeatsTests.m */; };
		AE3907D91812F0CF001D7BBE /* InstrumentCell.m in Sources */ = {isa = PBXBuildFile; fileRef = AE3907D81812F0CF001D7BBE /* InstrumentCell.m */; };
		AE3AEDE6181368C40041DAB3 /* DPNote.m in Sources */ = {isa = PBXBuildFile; fileRef = AE3AEDE1181368C40041DAB3 /* DPNote.m */; };
		AE3AEDE7181368C40041DAB3 /* DPNoteNode.m in Sources */ = {isa = PBXBuildFile; fileRef = AE3AEDE3181368C40041DAB3 /* DPNoteNode.m */; };
		AE3AEDE8181368C40041DAB3 /* DPSong.m in Sources */ = {isa = PBXBuildFile; fileRef = AE3AEDE5181368C40041DAB3 /* DPSong.m */; };
		AE3AEE0218136BA70041DAB3 /* Instrument1_0.caf in Resources */ = {isa = PBXBuildFile; fileRef = AE3AEDF318136BA70041DAB3 /* Instrument1_0.caf */; };
		AE3AEE0318136BA70041DAB3 /* Instrument1_1.caf in Resources */ = {isa = PBXBuildFile; fileRef = AE3AEDF418136BA70041DAB3 /* Instrument1_1.caf */; };
		AE3AEE0418136BA70041DAB3 /* Instrument1_2.caf in Resources */ = {isa = PBXBuildFile; fileRef = AE3AEDF518136BA70041DAB3 /* Instrument1_2.caf */; };
		AE3AEE0518136BA70041DAB3 /* Instrument2_0.caf in Resources */ = {isa = PBXBuildFile; fileRef = AE3AEDF618136BA70041DAB3 /* Instrument2_0.caf */; };
		AE3AEE0618136BA70041DAB3 /* Instrument2_1.caf in Resources */ = {isa = PBXBuildFile; fileRef = AE3AEDF718136BA70041DAB3 /* Instrument2_1.caf */; };
		AE3AEE0718136BA70041DAB3 /* Instrument2_2.caf in Resources */ = {isa = PBXBuildFile; fileRef = AE3AEDF818136BA70041DAB3 /* Instrument2_2.caf */; };
		AE3AEE0818136BA70041DAB3 /* Instrument3_0.caf in Resources */ = {isa = PBXBuildFile; fileRef = AE3AEDF918136BA70041DAB3 /* Instrument3_0.caf */; };
		AE3AEE0918136BA70041DAB3 /* Instrument3_1.caf in Resources */ = {isa = PBXBuildFile; fileRef = AE3AEDFA18136BA70041DAB3 /* Instrument3_1.caf */; };
		AE3AEE0A18136BA70041DAB3 /* Instrument3_2.caf in Resources */ = {isa = PBXBuildFile; fileRef = AE3AEDFB18136BA70041DAB3 /* Instrument3_2.caf */; };
		AE3AEE0B18136BA70041DAB3 /* Instrument4_0.caf in Resources */ = {isa = PBXBuildFile; fileRef = AE3AEDFC18136BA70041DAB3 /* Instrument4_0.caf */; };
		AE3AEE0C18136BA70041DAB3 /* Instrument4_1.caf in Resources */ = {isa = PBXBuildFile; fileRef = AE3AEDFD18136BA70041DAB3 /* Instrument4_1.caf */; };
		AE3AEE0D18136BA70041DAB3 /* Instrument4_2.caf in Resources */ = {isa = PBXBuildFile; fileRef = AE3AEDFE18136BA70041DAB3 /* Instrument4_2.caf */; };
		AE3AEE0E18136BA70041DAB3 /* Instrument5_0.caf in Resources */ = {isa = PBXBuildFile; fileRef = AE3AEDFF18136BA70041DAB3 /* Instrument5_0.caf */; };
		AE3AEE0F18136BA70041DAB3 /* Instrument5_1.caf in Resources */ = {isa = PBXBuildFile; fileRef = AE3AEE0018136BA70041DAB3 /* Instrument5_1.caf */; };
		AE3AEE1018136BA70041DAB3 /* Instrument5_2.caf in Resources */ = {isa = PBXBuildFile; fileRef = AE3AEE0118136BA70041DAB3 /* Instrument5_2.caf */; };
		AE3AEE14181378400041DAB3 /* DPGame.m in Sources */ = {isa = PBXBuildFile; fileRef = AE3AEE13181378400041DAB3 /* DPGame.m */; };
		AE4B3B43181461930089EE3F /* Instrument1.atlas in Resources */ = {isa = PBXBuildFile; fileRef = AE4B3B3C181461930089EE3F /* Instrument1.atlas */; };
		AE4B3B44181461930089EE3F /* Instrument2.atlas in Resources */ = {isa = PBXBuildFile; fileRef = AE4B3B3D181461930089EE3F /* Instrument2.atlas */; };
		AE4B3B46181462770089EE3F /* Instrument1_0.png in Resources */ = {isa = PBXBuildFile; fileRef = AE4B3B45181462770089EE3F /* Instrument1_0.png */; };
		AE4B3B48181462810089EE3F /* Instrument2_0.png in Resources */ = {isa = PBXBuildFile; fileRef = AE4B3B47181462810089EE3F /* Instrument2_0.png */; };
		AE4B3B541814B5AA0089EE3F /* Instrument3_0.png in Resources */ = {isa = PBXBuildFile; fileRef = AE4B3B531814B5AA0089EE3F /* Instrument3_0.png */; };
		AE4B3B571814B5F40089EE3F /* Ball.png in Resources */ = {isa = PBXBuildFile; fileRef = AE4B3B551814B5F40089EE3F /* Ball.png */; };
		AE4B3B581814B5F40089EE3F /* Ball@2x.png in Resources */ = {isa = PBXBuildFile; fileRef = AE4B3B561814B5F40089EE3F /* Ball@2x.png */; };
		AE4B3B5F1814B6FB0089EE3F /* Play.png in Resources */ = {isa = PBXBuildFile; fileRef = AE4B3B591814B6FB0089EE3F /* Play.png */; };
		AE4B3B601814B6FB0089EE3F /* Play@2x.png in Resources */ = {isa = PBXBuildFile; fileRef = AE4B3B5A1814B6FB0089EE3F /* Play@2x.png */; };
		AE4B3B611814B6FB0089EE3F /* Retry.png in Resources */ = {isa = PBXBuildFile; fileRef = AE4B3B5B1814B6FB0089EE3F /* Retry.png */; };
		AE4B3B621814B6FB0089EE3F /* Retry@2x.png in Resources */ = {isa = PBXBuildFile; fileRef = AE4B3B5C1814B6FB0089EE3F /* Retry@2x.png */; };
		AE4B3B631814B6FB0089EE3F /* Stanza.png in Resources */ = {isa = PBXBuildFile; fileRef = AE4B3B5D1814B6FB0089EE3F /* Stanza.png */; };
		AE4B3B641814B6FB0089EE3F /* Stanza@2x.png in Resources */ = {isa = PBXBuildFile; fileRef = AE4B3B5E1814B6FB0089EE3F /* Stanza@2x.png */; };
		AE4B3B671814B73F0089EE3F /* Pause.png in Resources */ = {isa = PBXBuildFile; fileRef = AE4B3B651814B73F0089EE3F /* Pause.png */; };
		AE4B3B681814B73F0089EE3F /* Pause@2x.png in Resources */ = {isa = PBXBuildFile; fileRef = AE4B3B661814B73F0089EE3F /* Pause@2x.png */; };
		AE4B3B6A1814C11A0089EE3F /* Instrument3.atlas in Resources */ = {isa = PBXBuildFile; fileRef = AE4B3B691814C11A0089EE3F /* Instrument3.atlas */; };
		AE4B3B6F1814C1500089EE3F /* PullTab_back.png in Resources */ = {isa = PBXBuildFile; fileRef = AE4B3B6B1814C1500089EE3F /* PullTab_back.png */; };
		AE4B3B701814C1500089EE3F /* PullTab_back@2x.png in Resources */ = {isa = PBXBuildFile; fileRef = AE4B3B6C1814C1500089EE3F /* PullTab_back@2x.png */; };
		AE4B3B711814C1500089EE3F /* PullTab.png in Resources */ = {isa = PBXBuildFile; fileRef = AE4B3B6D1814C1500089EE3F /* PullTab.png */; };
		AE4B3B721814C1500089EE3F /* PullTab@2x.png in Resources */ = {isa = PBXBuildFile; fileRef = AE4B3B6E1814C1500089EE3F /* PullTab@2x.png */; };
/* End PBXBuildFile section */

/* Begin PBXContainerItemProxy section */
		AE3907BC1812ECD8001D7BBE /* PBXContainerItemProxy */ = {
			isa = PBXContainerItemProxy;
			containerPortal = AE3907841812ECD7001D7BBE /* Project object */;
			proxyType = 1;
			remoteGlobalIDString = AE39078B1812ECD7001D7BBE;
			remoteInfo = dropBeats;
		};
/* End PBXContainerItemProxy section */

/* Begin PBXFileReference section */
		AE28638118132AE6007BC8DD /* InstrumentNode.h */ = {isa = PBXFileReference; fileEncoding = 4; lastKnownFileType = sourcecode.c.h; path = InstrumentNode.h; sourceTree = "<group>"; };
		AE28638218132AE6007BC8DD /* InstrumentNode.m */ = {isa = PBXFileReference; fileEncoding = 4; lastKnownFileType = sourcecode.c.objc; path = InstrumentNode.m; sourceTree = "<group>"; };
		AE39078C1812ECD7001D7BBE /* dropBeats.app */ = {isa = PBXFileReference; explicitFileType = wrapper.application; includeInIndex = 0; path = dropBeats.app; sourceTree = BUILT_PRODUCTS_DIR; };
		AE39078F1812ECD7001D7BBE /* Foundation.framework */ = {isa = PBXFileReference; lastKnownFileType = wrapper.framework; name = Foundation.framework; path = System/Library/Frameworks/Foundation.framework; sourceTree = SDKROOT; };
		AE3907911812ECD7001D7BBE /* CoreGraphics.framework */ = {isa = PBXFileReference; lastKnownFileType = wrapper.framework; name = CoreGraphics.framework; path = System/Library/Frameworks/CoreGraphics.framework; sourceTree = SDKROOT; };
		AE3907931812ECD7001D7BBE /* UIKit.framework */ = {isa = PBXFileReference; lastKnownFileType = wrapper.framework; name = UIKit.framework; path = System/Library/Frameworks/UIKit.framework; sourceTree = SDKROOT; };
		AE3907951812ECD7001D7BBE /* SpriteKit.framework */ = {isa = PBXFileReference; lastKnownFileType = wrapper.framework; name = SpriteKit.framework; path = System/Library/Frameworks/SpriteKit.framework; sourceTree = SDKROOT; };
		AE3907991812ECD7001D7BBE /* dropBeats-Info.plist */ = {isa = PBXFileReference; lastKnownFileType = text.plist.xml; path = "dropBeats-Info.plist"; sourceTree = "<group>"; };
		AE39079B1812ECD7001D7BBE /* en */ = {isa = PBXFileReference; lastKnownFileType = text.plist.strings; name = en; path = en.lproj/InfoPlist.strings; sourceTree = "<group>"; };
		AE39079D1812ECD8001D7BBE /* main.m */ = {isa = PBXFileReference; lastKnownFileType = sourcecode.c.objc; path = main.m; sourceTree = "<group>"; };
		AE39079F1812ECD8001D7BBE /* dropBeats-Prefix.pch */ = {isa = PBXFileReference; lastKnownFileType = sourcecode.c.h; path = "dropBeats-Prefix.pch"; sourceTree = "<group>"; };
		AE3907A01812ECD8001D7BBE /* DPAppDelegate.h */ = {isa = PBXFileReference; lastKnownFileType = sourcecode.c.h; path = DPAppDelegate.h; sourceTree = "<group>"; };
		AE3907A11812ECD8001D7BBE /* DPAppDelegate.m */ = {isa = PBXFileReference; lastKnownFileType = sourcecode.c.objc; path = DPAppDelegate.m; sourceTree = "<group>"; };
		AE3907A41812ECD8001D7BBE /* Base */ = {isa = PBXFileReference; lastKnownFileType = file.storyboard; name = Base; path = Base.lproj/Main_iPhone.storyboard; sourceTree = "<group>"; };
		AE3907A71812ECD8001D7BBE /* Base */ = {isa = PBXFileReference; lastKnownFileType = file.storyboard; name = Base; path = Base.lproj/Main_iPad.storyboard; sourceTree = "<group>"; };
		AE3907A91812ECD8001D7BBE /* DPViewController.h */ = {isa = PBXFileReference; lastKnownFileType = sourcecode.c.h; path = DPViewController.h; sourceTree = "<group>"; };
		AE3907AA1812ECD8001D7BBE /* DPViewController.m */ = {isa = PBXFileReference; lastKnownFileType = sourcecode.c.objc; path = DPViewController.m; sourceTree = "<group>"; };
		AE3907AC1812ECD8001D7BBE /* DPMyScene.h */ = {isa = PBXFileReference; lastKnownFileType = sourcecode.c.h; path = DPMyScene.h; sourceTree = "<group>"; };
		AE3907AD1812ECD8001D7BBE /* DPMyScene.m */ = {isa = PBXFileReference; lastKnownFileType = sourcecode.c.objc; path = DPMyScene.m; sourceTree = "<group>"; };
		AE3907B11812ECD8001D7BBE /* Images.xcassets */ = {isa = PBXFileReference; lastKnownFileType = folder.assetcatalog; path = Images.xcassets; sourceTree = "<group>"; };
		AE3907B71812ECD8001D7BBE /* dropBeatsTests.xctest */ = {isa = PBXFileReference; explicitFileType = wrapper.cfbundle; includeInIndex = 0; path = dropBeatsTests.xctest; sourceTree = BUILT_PRODUCTS_DIR; };
		AE3907B81812ECD8001D7BBE /* XCTest.framework */ = {isa = PBXFileReference; lastKnownFileType = wrapper.framework; name = XCTest.framework; path = Library/Frameworks/XCTest.framework; sourceTree = DEVELOPER_DIR; };
		AE3907C01812ECD8001D7BBE /* dropBeatsTests-Info.plist */ = {isa = PBXFileReference; lastKnownFileType = text.plist.xml; path = "dropBeatsTests-Info.plist"; sourceTree = "<group>"; };
		AE3907C21812ECD8001D7BBE /* en */ = {isa = PBXFileReference; lastKnownFileType = text.plist.strings; name = en; path = en.lproj/InfoPlist.strings; sourceTree = "<group>"; };
		AE3907C41812ECD8001D7BBE /* dropBeatsTests.m */ = {isa = PBXFileReference; lastKnownFileType = sourcecode.c.objc; path = dropBeatsTests.m; sourceTree = "<group>"; };
		AE3907D71812F0CF001D7BBE /* InstrumentCell.h */ = {isa = PBXFileReference; fileEncoding = 4; lastKnownFileType = sourcecode.c.h; path = InstrumentCell.h; sourceTree = "<group>"; };
		AE3907D81812F0CF001D7BBE /* InstrumentCell.m */ = {isa = PBXFileReference; fileEncoding = 4; lastKnownFileType = sourcecode.c.objc; path = InstrumentCell.m; sourceTree = "<group>"; };
		AE3AEDE0181368C40041DAB3 /* DPNote.h */ = {isa = PBXFileReference; fileEncoding = 4; lastKnownFileType = sourcecode.c.h; path = DPNote.h; sourceTree = "<group>"; };
		AE3AEDE1181368C40041DAB3 /* DPNote.m */ = {isa = PBXFileReference; fileEncoding = 4; lastKnownFileType = sourcecode.c.objc; path = DPNote.m; sourceTree = "<group>"; };
		AE3AEDE2181368C40041DAB3 /* DPNoteNode.h */ = {isa = PBXFileReference; fileEncoding = 4; lastKnownFileType = sourcecode.c.h; path = DPNoteNode.h; sourceTree = "<group>"; };
		AE3AEDE3181368C40041DAB3 /* DPNoteNode.m */ = {isa = PBXFileReference; fileEncoding = 4; lastKnownFileType = sourcecode.c.objc; path = DPNoteNode.m; sourceTree = "<group>"; };
		AE3AEDE4181368C40041DAB3 /* DPSong.h */ = {isa = PBXFileReference; fileEncoding = 4; lastKnownFileType = sourcecode.c.h; path = DPSong.h; sourceTree = "<group>"; };
		AE3AEDE5181368C40041DAB3 /* DPSong.m */ = {isa = PBXFileReference; fileEncoding = 4; lastKnownFileType = sourcecode.c.objc; path = DPSong.m; sourceTree = "<group>"; };
		AE3AEDF318136BA70041DAB3 /* Instrument1_0.caf */ = {isa = PBXFileReference; lastKnownFileType = file; name = Instrument1_0.caf; path = dropBeats/sounds/Instrument1_0.caf; sourceTree = "<group>"; };
		AE3AEDF418136BA70041DAB3 /* Instrument1_1.caf */ = {isa = PBXFileReference; lastKnownFileType = file; name = Instrument1_1.caf; path = dropBeats/sounds/Instrument1_1.caf; sourceTree = "<group>"; };
		AE3AEDF518136BA70041DAB3 /* Instrument1_2.caf */ = {isa = PBXFileReference; lastKnownFileType = file; name = Instrument1_2.caf; path = dropBeats/sounds/Instrument1_2.caf; sourceTree = "<group>"; };
		AE3AEDF618136BA70041DAB3 /* Instrument2_0.caf */ = {isa = PBXFileReference; lastKnownFileType = file; name = Instrument2_0.caf; path = dropBeats/sounds/Instrument2_0.caf; sourceTree = "<group>"; };
		AE3AEDF718136BA70041DAB3 /* Instrument2_1.caf */ = {isa = PBXFileReference; lastKnownFileType = file; name = Instrument2_1.caf; path = dropBeats/sounds/Instrument2_1.caf; sourceTree = "<group>"; };
		AE3AEDF818136BA70041DAB3 /* Instrument2_2.caf */ = {isa = PBXFileReference; lastKnownFileType = file; name = Instrument2_2.caf; path = dropBeats/sounds/Instrument2_2.caf; sourceTree = "<group>"; };
		AE3AEDF918136BA70041DAB3 /* Instrument3_0.caf */ = {isa = PBXFileReference; lastKnownFileType = file; name = Instrument3_0.caf; path = dropBeats/sounds/Instrument3_0.caf; sourceTree = "<group>"; };
		AE3AEDFA18136BA70041DAB3 /* Instrument3_1.caf */ = {isa = PBXFileReference; lastKnownFileType = file; name = Instrument3_1.caf; path = dropBeats/sounds/Instrument3_1.caf; sourceTree = "<group>"; };
		AE3AEDFB18136BA70041DAB3 /* Instrument3_2.caf */ = {isa = PBXFileReference; lastKnownFileType = file; name = Instrument3_2.caf; path = dropBeats/sounds/Instrument3_2.caf; sourceTree = "<group>"; };
		AE3AEDFC18136BA70041DAB3 /* Instrument4_0.caf */ = {isa = PBXFileReference; lastKnownFileType = file; name = Instrument4_0.caf; path = dropBeats/sounds/Instrument4_0.caf; sourceTree = "<group>"; };
		AE3AEDFD18136BA70041DAB3 /* Instrument4_1.caf */ = {isa = PBXFileReference; lastKnownFileType = file; name = Instrument4_1.caf; path = dropBeats/sounds/Instrument4_1.caf; sourceTree = "<group>"; };
		AE3AEDFE18136BA70041DAB3 /* Instrument4_2.caf */ = {isa = PBXFileReference; lastKnownFileType = file; name = Instrument4_2.caf; path = dropBeats/sounds/Instrument4_2.caf; sourceTree = "<group>"; };
		AE3AEDFF18136BA70041DAB3 /* Instrument5_0.caf */ = {isa = PBXFileReference; lastKnownFileType = file; name = Instrument5_0.caf; path = dropBeats/sounds/Instrument5_0.caf; sourceTree = "<group>"; };
		AE3AEE0018136BA70041DAB3 /* Instrument5_1.caf */ = {isa = PBXFileReference; lastKnownFileType = file; name = Instrument5_1.caf; path = dropBeats/sounds/Instrument5_1.caf; sourceTree = "<group>"; };
		AE3AEE0118136BA70041DAB3 /* Instrument5_2.caf */ = {isa = PBXFileReference; lastKnownFileType = file; name = Instrument5_2.caf; path = dropBeats/sounds/Instrument5_2.caf; sourceTree = "<group>"; };
		AE3AEE12181378400041DAB3 /* DPGame.h */ = {isa = PBXFileReference; fileEncoding = 4; lastKnownFileType = sourcecode.c.h; path = DPGame.h; sourceTree = "<group>"; };
		AE3AEE13181378400041DAB3 /* DPGame.m */ = {isa = PBXFileReference; fileEncoding = 4; lastKnownFileType = sourcecode.c.objc; path = DPGame.m; sourceTree = "<group>"; };
		AE4B3B3C181461930089EE3F /* Instrument1.atlas */ = {isa = PBXFileReference; lastKnownFileType = folder.skatlas; path = Instrument1.atlas; sourceTree = "<group>"; };
		AE4B3B3D181461930089EE3F /* Instrument2.atlas */ = {isa = PBXFileReference; lastKnownFileType = folder.skatlas; path = Instrument2.atlas; sourceTree = "<group>"; };
		AE4B3B45181462770089EE3F /* Instrument1_0.png */ = {isa = PBXFileReference; lastKnownFileType = image.png; name = Instrument1_0.png; path = Instrument1.atlas/Instrument1_0.png; sourceTree = "<group>"; };
		AE4B3B47181462810089EE3F /* Instrument2_0.png */ = {isa = PBXFileReference; lastKnownFileType = image.png; name = Instrument2_0.png; path = Instrument2.atlas/Instrument2_0.png; sourceTree = "<group>"; };
		AE4B3B531814B5AA0089EE3F /* Instrument3_0.png */ = {isa = PBXFileReference; lastKnownFileType = image.png; name = Instrument3_0.png; path = Instrument3.atlas/Instrument3_0.png; sourceTree = "<group>"; };
		AE4B3B551814B5F40089EE3F /* Ball.png */ = {isa = PBXFileReference; lastKnownFileType = image.png; name = Ball.png; path = ../../Ball.png; sourceTree = "<group>"; };
		AE4B3B561814B5F40089EE3F /* Ball@2x.png */ = {isa = PBXFileReference; lastKnownFileType = image.png; name = "Ball@2x.png"; path = "../../Ball@2x.png"; sourceTree = "<group>"; };
		AE4B3B591814B6FB0089EE3F /* Play.png */ = {isa = PBXFileReference; lastKnownFileType = image.png; name = Play.png; path = ../../Play.png; sourceTree = "<group>"; };
		AE4B3B5A1814B6FB0089EE3F /* Play@2x.png */ = {isa = PBXFileReference; lastKnownFileType = image.png; name = "Play@2x.png"; path = "../../Play@2x.png"; sourceTree = "<group>"; };
		AE4B3B5B1814B6FB0089EE3F /* Retry.png */ = {isa = PBXFileReference; lastKnownFileType = image.png; name = Retry.png; path = ../../Retry.png; sourceTree = "<group>"; };
		AE4B3B5C1814B6FB0089EE3F /* Retry@2x.png */ = {isa = PBXFileReference; lastKnownFileType = image.png; name = "Retry@2x.png"; path = "../../Retry@2x.png"; sourceTree = "<group>"; };
		AE4B3B5D1814B6FB0089EE3F /* Stanza.png */ = {isa = PBXFileReference; lastKnownFileType = image.png; name = Stanza.png; path = ../../Stanza.png; sourceTree = "<group>"; };
		AE4B3B5E1814B6FB0089EE3F /* Stanza@2x.png */ = {isa = PBXFileReference; lastKnownFileType = image.png; name = "Stanza@2x.png"; path = "../../Stanza@2x.png"; sourceTree = "<group>"; };
		AE4B3B651814B73F0089EE3F /* Pause.png */ = {isa = PBXFileReference; lastKnownFileType = image.png; path = Pause.png; sourceTree = "<group>"; };
		AE4B3B661814B73F0089EE3F /* Pause@2x.png */ = {isa = PBXFileReference; lastKnownFileType = image.png; path = "Pause@2x.png"; sourceTree = "<group>"; };
		AE4B3B691814C11A0089EE3F /* Instrument3.atlas */ = {isa = PBXFileReference; lastKnownFileType = folder.skatlas; path = Instrument3.atlas; sourceTree = "<group>"; };
		AE4B3B6B1814C1500089EE3F /* PullTab_back.png */ = {isa = PBXFileReference; lastKnownFileType = image.png; name = PullTab_back.png; path = ../../PullTab_back.png; sourceTree = "<group>"; };
		AE4B3B6C1814C1500089EE3F /* PullTab_back@2x.png */ = {isa = PBXFileReference; lastKnownFileType = image.png; name = "PullTab_back@2x.png"; path = "../../PullTab_back@2x.png"; sourceTree = "<group>"; };
		AE4B3B6D1814C1500089EE3F /* PullTab.png */ = {isa = PBXFileReference; lastKnownFileType = image.png; name = PullTab.png; path = ../../PullTab.png; sourceTree = "<group>"; };
		AE4B3B6E1814C1500089EE3F /* PullTab@2x.png */ = {isa = PBXFileReference; lastKnownFileType = image.png; name = "PullTab@2x.png"; path = "../../PullTab@2x.png"; sourceTree = "<group>"; };
/* End PBXFileReference section */

/* Begin PBXFrameworksBuildPhase section */
		AE3907891812ECD7001D7BBE /* Frameworks */ = {
			isa = PBXFrameworksBuildPhase;
			buildActionMask = 2147483647;
			files = (
				AE3907921812ECD7001D7BBE /* CoreGraphics.framework in Frameworks */,
				AE3907941812ECD7001D7BBE /* UIKit.framework in Frameworks */,
				AE3907961812ECD7001D7BBE /* SpriteKit.framework in Frameworks */,
				AE3907901812ECD7001D7BBE /* Foundation.framework in Frameworks */,
			);
			runOnlyForDeploymentPostprocessing = 0;
		};
		AE3907B41812ECD8001D7BBE /* Frameworks */ = {
			isa = PBXFrameworksBuildPhase;
			buildActionMask = 2147483647;
			files = (
				AE3907B91812ECD8001D7BBE /* XCTest.framework in Frameworks */,
				AE3907BB1812ECD8001D7BBE /* UIKit.framework in Frameworks */,
				AE3907BA1812ECD8001D7BBE /* Foundation.framework in Frameworks */,
			);
			runOnlyForDeploymentPostprocessing = 0;
		};
/* End PBXFrameworksBuildPhase section */

/* Begin PBXGroup section */
		AE3907831812ECD7001D7BBE = {
			isa = PBXGroup;
			children = (
				AE3907971812ECD7001D7BBE /* dropBeats */,
				AE3907BE1812ECD8001D7BBE /* dropBeatsTests */,
				AE39078E1812ECD7001D7BBE /* Frameworks */,
				AE39078D1812ECD7001D7BBE /* Products */,
			);
			sourceTree = "<group>";
		};
		AE39078D1812ECD7001D7BBE /* Products */ = {
			isa = PBXGroup;
			children = (
				AE39078C1812ECD7001D7BBE /* dropBeats.app */,
				AE3907B71812ECD8001D7BBE /* dropBeatsTests.xctest */,
			);
			name = Products;
			sourceTree = "<group>";
		};
		AE39078E1812ECD7001D7BBE /* Frameworks */ = {
			isa = PBXGroup;
			children = (
				AE39078F1812ECD7001D7BBE /* Foundation.framework */,
				AE3907911812ECD7001D7BBE /* CoreGraphics.framework */,
				AE3907931812ECD7001D7BBE /* UIKit.framework */,
				AE3907951812ECD7001D7BBE /* SpriteKit.framework */,
				AE3907B81812ECD8001D7BBE /* XCTest.framework */,
			);
			name = Frameworks;
			sourceTree = "<group>";
		};
		AE3907971812ECD7001D7BBE /* dropBeats */ = {
			isa = PBXGroup;
			children = (
				AE3907A61812ECD8001D7BBE /* Main_iPad.storyboard */,
				AE3907A31812ECD8001D7BBE /* Main_iPhone.storyboard */,
				AE3907A01812ECD8001D7BBE /* DPAppDelegate.h */,
				AE3907A11812ECD8001D7BBE /* DPAppDelegate.m */,
				AE3907A91812ECD8001D7BBE /* DPViewController.h */,
				AE3907AA1812ECD8001D7BBE /* DPViewController.m */,
				AE28638118132AE6007BC8DD /* InstrumentNode.h */,
				AE28638218132AE6007BC8DD /* InstrumentNode.m */,
				AE3907D71812F0CF001D7BBE /* InstrumentCell.h */,
				AE3907D81812F0CF001D7BBE /* InstrumentCell.m */,
				AE3AEE1618137AEC0041DAB3 /* Game Logic */,
				AE3AEE1518137AE30041DAB3 /* Background Notes */,
				AE3907981812ECD7001D7BBE /* Supporting Files */,
			);
			path = dropBeats;
			sourceTree = "<group>";
		};
		AE3907981812ECD7001D7BBE /* Supporting Files */ = {
			isa = PBXGroup;
			children = (
				AE4B3B45181462770089EE3F /* Instrument1_0.png */,
				AE4B3B47181462810089EE3F /* Instrument2_0.png */,
				AE4B3B531814B5AA0089EE3F /* Instrument3_0.png */,
				AE4B3B36181461930089EE3F /* Icon Images */,
				AE4B3B3C181461930089EE3F /* Instrument1.atlas */,
				AE4B3B3D181461930089EE3F /* Instrument2.atlas */,
				AE4B3B691814C11A0089EE3F /* Instrument3.atlas */,
				AE3AEE1118136BAE0041DAB3 /* Sounds */,
				AE3907B11812ECD8001D7BBE /* Images.xcassets */,
				AE3907991812ECD7001D7BBE /* dropBeats-Info.plist */,
				AE39079A1812ECD7001D7BBE /* InfoPlist.strings */,
				AE39079D1812ECD8001D7BBE /* main.m */,
				AE39079F1812ECD8001D7BBE /* dropBeats-Prefix.pch */,
			);
			name = "Supporting Files";
			sourceTree = "<group>";
		};
		AE3907BE1812ECD8001D7BBE /* dropBeatsTests */ = {
			isa = PBXGroup;
			children = (
				AE3907C41812ECD8001D7BBE /* dropBeatsTests.m */,
				AE3907BF1812ECD8001D7BBE /* Supporting Files */,
			);
			path = dropBeatsTests;
			sourceTree = "<group>";
		};
		AE3907BF1812ECD8001D7BBE /* Supporting Files */ = {
			isa = PBXGroup;
			children = (
				AE3907C01812ECD8001D7BBE /* dropBeatsTests-Info.plist */,
				AE3907C11812ECD8001D7BBE /* InfoPlist.strings */,
			);
			name = "Supporting Files";
			sourceTree = "<group>";
		};
		AE3AEE1118136BAE0041DAB3 /* Sounds */ = {
			isa = PBXGroup;
			children = (
				AE3AEDF318136BA70041DAB3 /* Instrument1_0.caf */,
				AE3AEDF418136BA70041DAB3 /* Instrument1_1.caf */,
				AE3AEDF518136BA70041DAB3 /* Instrument1_2.caf */,
				AE3AEDF618136BA70041DAB3 /* Instrument2_0.caf */,
				AE3AEDF718136BA70041DAB3 /* Instrument2_1.caf */,
				AE3AEDF818136BA70041DAB3 /* Instrument2_2.caf */,
				AE3AEDF918136BA70041DAB3 /* Instrument3_0.caf */,
				AE3AEDFA18136BA70041DAB3 /* Instrument3_1.caf */,
				AE3AEDFB18136BA70041DAB3 /* Instrument3_2.caf */,
				AE3AEDFC18136BA70041DAB3 /* Instrument4_0.caf */,
				AE3AEDFD18136BA70041DAB3 /* Instrument4_1.caf */,
				AE3AEDFE18136BA70041DAB3 /* Instrument4_2.caf */,
				AE3AEDFF18136BA70041DAB3 /* Instrument5_0.caf */,
				AE3AEE0018136BA70041DAB3 /* Instrument5_1.caf */,
				AE3AEE0118136BA70041DAB3 /* Instrument5_2.caf */,
			);
			name = Sounds;
			path = ..;
			sourceTree = "<group>";
		};
		AE3AEE1518137AE30041DAB3 /* Background Notes */ = {
			isa = PBXGroup;
			children = (
				AE3AEDE0181368C40041DAB3 /* DPNote.h */,
				AE3AEDE1181368C40041DAB3 /* DPNote.m */,
				AE3AEDE2181368C40041DAB3 /* DPNoteNode.h */,
				AE3AEDE3181368C40041DAB3 /* DPNoteNode.m */,
				AE3AEDE4181368C40041DAB3 /* DPSong.h */,
				AE3AEDE5181368C40041DAB3 /* DPSong.m */,
			);
			name = "Background Notes";
			sourceTree = "<group>";
		};
		AE3AEE1618137AEC0041DAB3 /* Game Logic */ = {
			isa = PBXGroup;
			children = (
				AE3907AC1812ECD8001D7BBE /* DPMyScene.h */,
				AE3907AD1812ECD8001D7BBE /* DPMyScene.m */,
				AE3AEE12181378400041DAB3 /* DPGame.h */,
				AE3AEE13181378400041DAB3 /* DPGame.m */,
			);
			name = "Game Logic";
			sourceTree = "<group>";
		};
		AE4B3B36181461930089EE3F /* Icon Images */ = {
			isa = PBXGroup;
			children = (
				AE4B3B6B1814C1500089EE3F /* PullTab_back.png */,
				AE4B3B6C1814C1500089EE3F /* PullTab_back@2x.png */,
				AE4B3B6D1814C1500089EE3F /* PullTab.png */,
				AE4B3B6E1814C1500089EE3F /* PullTab@2x.png */,
				AE4B3B651814B73F0089EE3F /* Pause.png */,
				AE4B3B661814B73F0089EE3F /* Pause@2x.png */,
				AE4B3B591814B6FB0089EE3F /* Play.png */,
				AE4B3B5A1814B6FB0089EE3F /* Play@2x.png */,
				AE4B3B5B1814B6FB0089EE3F /* Retry.png */,
				AE4B3B5C1814B6FB0089EE3F /* Retry@2x.png */,
				AE4B3B5D1814B6FB0089EE3F /* Stanza.png */,
				AE4B3B5E1814B6FB0089EE3F /* Stanza@2x.png */,
				AE4B3B551814B5F40089EE3F /* Ball.png */,
				AE4B3B561814B5F40089EE3F /* Ball@2x.png */,
			);
			path = "Icon Images";
			sourceTree = "<group>";
		};
/* End PBXGroup section */

/* Begin PBXNativeTarget section */
		AE39078B1812ECD7001D7BBE /* dropBeats */ = {
			isa = PBXNativeTarget;
			buildConfigurationList = AE3907C81812ECD8001D7BBE /* Build configuration list for PBXNativeTarget "dropBeats" */;
			buildPhases = (
				AE3907881812ECD7001D7BBE /* Sources */,
				AE3907891812ECD7001D7BBE /* Frameworks */,
				AE39078A1812ECD7001D7BBE /* Resources */,
			);
			buildRules = (
			);
			dependencies = (
			);
			name = dropBeats;
			productName = dropBeats;
			productReference = AE39078C1812ECD7001D7BBE /* dropBeats.app */;
			productType = "com.apple.product-type.application";
		};
		AE3907B61812ECD8001D7BBE /* dropBeatsTests */ = {
			isa = PBXNativeTarget;
			buildConfigurationList = AE3907CB1812ECD8001D7BBE /* Build configuration list for PBXNativeTarget "dropBeatsTests" */;
			buildPhases = (
				AE3907B31812ECD8001D7BBE /* Sources */,
				AE3907B41812ECD8001D7BBE /* Frameworks */,
				AE3907B51812ECD8001D7BBE /* Resources */,
			);
			buildRules = (
			);
			dependencies = (
				AE3907BD1812ECD8001D7BBE /* PBXTargetDependency */,
			);
			name = dropBeatsTests;
			productName = dropBeatsTests;
			productReference = AE3907B71812ECD8001D7BBE /* dropBeatsTests.xctest */;
			productType = "com.apple.product-type.bundle.unit-test";
		};
/* End PBXNativeTarget section */

/* Begin PBXProject section */
		AE3907841812ECD7001D7BBE /* Project object */ = {
			isa = PBXProject;
			attributes = {
				CLASSPREFIX = DP;
				LastUpgradeCheck = 0500;
				ORGANIZATIONNAME = "Michael Dewitt";
				TargetAttributes = {
					AE3907B61812ECD8001D7BBE = {
						TestTargetID = AE39078B1812ECD7001D7BBE;
					};
				};
			};
			buildConfigurationList = AE3907871812ECD7001D7BBE /* Build configuration list for PBXProject "dropBeats" */;
			compatibilityVersion = "Xcode 3.2";
			developmentRegion = English;
			hasScannedForEncodings = 0;
			knownRegions = (
				en,
				Base,
			);
			mainGroup = AE3907831812ECD7001D7BBE;
			productRefGroup = AE39078D1812ECD7001D7BBE /* Products */;
			projectDirPath = "";
			projectRoot = "";
			targets = (
				AE39078B1812ECD7001D7BBE /* dropBeats */,
				AE3907B61812ECD8001D7BBE /* dropBeatsTests */,
			);
		};
/* End PBXProject section */

/* Begin PBXResourcesBuildPhase section */
		AE39078A1812ECD7001D7BBE /* Resources */ = {
			isa = PBXResourcesBuildPhase;
			buildActionMask = 2147483647;
			files = (
				AE4B3B571814B5F40089EE3F /* Ball.png in Resources */,
				AE4B3B581814B5F40089EE3F /* Ball@2x.png in Resources */,
				AE3AEE0F18136BA70041DAB3 /* Instrument5_1.caf in Resources */,
				AE3AEE0318136BA70041DAB3 /* Instrument1_1.caf in Resources */,
				AE4B3B43181461930089EE3F /* Instrument1.atlas in Resources */,
				AE3AEE0418136BA70041DAB3 /* Instrument1_2.caf in Resources */,
				AE4B3B48181462810089EE3F /* Instrument2_0.png in Resources */,
				AE4B3B6A1814C11A0089EE3F /* Instrument3.atlas in Resources */,
				AE4B3B611814B6FB0089EE3F /* Retry.png in Resources */,
				AE4B3B46181462770089EE3F /* Instrument1_0.png in Resources */,
				AE3AEE0218136BA70041DAB3 /* Instrument1_0.caf in Resources */,
				AE3AEE1018136BA70041DAB3 /* Instrument5_2.caf in Resources */,
				AE3AEE0B18136BA70041DAB3 /* Instrument4_0.caf in Resources */,
				AE3AEE0918136BA70041DAB3 /* Instrument3_1.caf in Resources */,
				AE4B3B711814C1500089EE3F /* PullTab.png in Resources */,
				AE4B3B701814C1500089EE3F /* PullTab_back@2x.png in Resources */,
				AE4B3B631814B6FB0089EE3F /* Stanza.png in Resources */,
				AE3AEE0D18136BA70041DAB3 /* Instrument4_2.caf in Resources */,
				AE4B3B671814B73F0089EE3F /* Pause.png in Resources */,
				AE4B3B721814C1500089EE3F /* PullTab@2x.png in Resources */,
				AE3AEE0E18136BA70041DAB3 /* Instrument5_0.caf in Resources */,
				AE3AEE0818136BA70041DAB3 /* Instrument3_0.caf in Resources */,
				AE4B3B541814B5AA0089EE3F /* Instrument3_0.png in Resources */,
				AE3AEE0718136BA70041DAB3 /* Instrument2_2.caf in Resources */,
				AE3AEE0518136BA70041DAB3 /* Instrument2_0.caf in Resources */,
				AE3AEE0618136BA70041DAB3 /* Instrument2_1.caf in Resources */,
				AE3AEE0C18136BA70041DAB3 /* Instrument4_1.caf in Resources */,
				AE4B3B601814B6FB0089EE3F /* Play@2x.png in Resources */,
				AE3907B21812ECD8001D7BBE /* Images.xcassets in Resources */,
				AE4B3B681814B73F0089EE3F /* Pause@2x.png in Resources */,
				AE4B3B621814B6FB0089EE3F /* Retry@2x.png in Resources */,
				AE4B3B641814B6FB0089EE3F /* Stanza@2x.png in Resources */,
				AE3AEE0A18136BA70041DAB3 /* Instrument3_2.caf in Resources */,
				AE3907A81812ECD8001D7BBE /* Main_iPad.storyboard in Resources */,
				AE3907A51812ECD8001D7BBE /* Main_iPhone.storyboard in Resources */,
				AE4B3B5F1814B6FB0089EE3F /* Play.png in Resources */,
				AE4B3B44181461930089EE3F /* Instrument2.atlas in Resources */,
				AE39079C1812ECD7001D7BBE /* InfoPlist.strings in Resources */,
				AE4B3B6F1814C1500089EE3F /* PullTab_back.png in Resources */,
			);
			runOnlyForDeploymentPostprocessing = 0;
		};
		AE3907B51812ECD8001D7BBE /* Resources */ = {
			isa = PBXResourcesBuildPhase;
			buildActionMask = 2147483647;
			files = (
				AE3907C31812ECD8001D7BBE /* InfoPlist.strings in Resources */,
			);
			runOnlyForDeploymentPostprocessing = 0;
		};
/* End PBXResourcesBuildPhase section */

/* Begin PBXSourcesBuildPhase section */
		AE3907881812ECD7001D7BBE /* Sources */ = {
			isa = PBXSourcesBuildPhase;
			buildActionMask = 2147483647;
			files = (
				AE3AEDE8181368C40041DAB3 /* DPSong.m in Sources */,
				AE28638318132AE6007BC8DD /* InstrumentNode.m in Sources */,
				AE3907D91812F0CF001D7BBE /* InstrumentCell.m in Sources */,
				AE3AEE14181378400041DAB3 /* DPGame.m in Sources */,
				AE3907A21812ECD8001D7BBE /* DPAppDelegate.m in Sources */,
				AE3907AB1812ECD8001D7BBE /* DPViewController.m in Sources */,
				AE3907AE1812ECD8001D7BBE /* DPMyScene.m in Sources */,
				AE3AEDE6181368C40041DAB3 /* DPNote.m in Sources */,
				AE39079E1812ECD8001D7BBE /* main.m in Sources */,
				AE3AEDE7181368C40041DAB3 /* DPNoteNode.m in Sources */,
			);
			runOnlyForDeploymentPostprocessing = 0;
		};
		AE3907B31812ECD8001D7BBE /* Sources */ = {
			isa = PBXSourcesBuildPhase;
			buildActionMask = 2147483647;
			files = (
				AE3907C51812ECD8001D7BBE /* dropBeatsTests.m in Sources */,
			);
			runOnlyForDeploymentPostprocessing = 0;
		};
/* End PBXSourcesBuildPhase section */

/* Begin PBXTargetDependency section */
		AE3907BD1812ECD8001D7BBE /* PBXTargetDependency */ = {
			isa = PBXTargetDependency;
			target = AE39078B1812ECD7001D7BBE /* dropBeats */;
			targetProxy = AE3907BC1812ECD8001D7BBE /* PBXContainerItemProxy */;
		};
/* End PBXTargetDependency section */

/* Begin PBXVariantGroup section */
		AE39079A1812ECD7001D7BBE /* InfoPlist.strings */ = {
			isa = PBXVariantGroup;
			children = (
				AE39079B1812ECD7001D7BBE /* en */,
			);
			name = InfoPlist.strings;
			sourceTree = "<group>";
		};
		AE3907A31812ECD8001D7BBE /* Main_iPhone.storyboard */ = {
			isa = PBXVariantGroup;
			children = (
				AE3907A41812ECD8001D7BBE /* Base */,
			);
			name = Main_iPhone.storyboard;
			sourceTree = "<group>";
		};
		AE3907A61812ECD8001D7BBE /* Main_iPad.storyboard */ = {
			isa = PBXVariantGroup;
			children = (
				AE3907A71812ECD8001D7BBE /* Base */,
			);
			name = Main_iPad.storyboard;
			sourceTree = "<group>";
		};
		AE3907C11812ECD8001D7BBE /* InfoPlist.strings */ = {
			isa = PBXVariantGroup;
			children = (
				AE3907C21812ECD8001D7BBE /* en */,
			);
			name = InfoPlist.strings;
			sourceTree = "<group>";
		};
/* End PBXVariantGroup section */

/* Begin XCBuildConfiguration section */
		AE3907C61812ECD8001D7BBE /* Debug */ = {
			isa = XCBuildConfiguration;
			buildSettings = {
				ALWAYS_SEARCH_USER_PATHS = NO;
				ARCHS = "$(ARCHS_STANDARD_INCLUDING_64_BIT)";
				CLANG_CXX_LANGUAGE_STANDARD = "gnu++0x";
				CLANG_CXX_LIBRARY = "libc++";
				CLANG_ENABLE_MODULES = YES;
				CLANG_ENABLE_OBJC_ARC = YES;
				CLANG_WARN_BOOL_CONVERSION = YES;
				CLANG_WARN_CONSTANT_CONVERSION = YES;
				CLANG_WARN_DIRECT_OBJC_ISA_USAGE = YES_ERROR;
				CLANG_WARN_EMPTY_BODY = YES;
				CLANG_WARN_ENUM_CONVERSION = YES;
				CLANG_WARN_INT_CONVERSION = YES;
				CLANG_WARN_OBJC_ROOT_CLASS = YES_ERROR;
				CLANG_WARN__DUPLICATE_METHOD_MATCH = YES;
				"CODE_SIGN_IDENTITY[sdk=iphoneos*]" = "iPhone Developer";
				COPY_PHASE_STRIP = NO;
				GCC_C_LANGUAGE_STANDARD = gnu99;
				GCC_DYNAMIC_NO_PIC = NO;
				GCC_OPTIMIZATION_LEVEL = 0;
				GCC_PREPROCESSOR_DEFINITIONS = (
					"DEBUG=1",
					"$(inherited)",
				);
				GCC_SYMBOLS_PRIVATE_EXTERN = NO;
				GCC_WARN_64_TO_32_BIT_CONVERSION = YES;
				GCC_WARN_ABOUT_RETURN_TYPE = YES_ERROR;
				GCC_WARN_UNDECLARED_SELECTOR = YES;
				GCC_WARN_UNINITIALIZED_AUTOS = YES;
				GCC_WARN_UNUSED_FUNCTION = YES;
				GCC_WARN_UNUSED_VARIABLE = YES;
				IPHONEOS_DEPLOYMENT_TARGET = 7.0;
				ONLY_ACTIVE_ARCH = YES;
				SDKROOT = iphoneos;
				TARGETED_DEVICE_FAMILY = "1,2";
			};
			name = Debug;
		};
		AE3907C71812ECD8001D7BBE /* Release */ = {
			isa = XCBuildConfiguration;
			buildSettings = {
				ALWAYS_SEARCH_USER_PATHS = NO;
				ARCHS = "$(ARCHS_STANDARD_INCLUDING_64_BIT)";
				CLANG_CXX_LANGUAGE_STANDARD = "gnu++0x";
				CLANG_CXX_LIBRARY = "libc++";
				CLANG_ENABLE_MODULES = YES;
				CLANG_ENABLE_OBJC_ARC = YES;
				CLANG_WARN_BOOL_CONVERSION = YES;
				CLANG_WARN_CONSTANT_CONVERSION = YES;
				CLANG_WARN_DIRECT_OBJC_ISA_USAGE = YES_ERROR;
				CLANG_WARN_EMPTY_BODY = YES;
				CLANG_WARN_ENUM_CONVERSION = YES;
				CLANG_WARN_INT_CONVERSION = YES;
				CLANG_WARN_OBJC_ROOT_CLASS = YES_ERROR;
				CLANG_WARN__DUPLICATE_METHOD_MATCH = YES;
				"CODE_SIGN_IDENTITY[sdk=iphoneos*]" = "iPhone Developer";
				COPY_PHASE_STRIP = YES;
				ENABLE_NS_ASSERTIONS = NO;
				GCC_C_LANGUAGE_STANDARD = gnu99;
				GCC_WARN_64_TO_32_BIT_CONVERSION = YES;
				GCC_WARN_ABOUT_RETURN_TYPE = YES_ERROR;
				GCC_WARN_UNDECLARED_SELECTOR = YES;
				GCC_WARN_UNINITIALIZED_AUTOS = YES;
				GCC_WARN_UNUSED_FUNCTION = YES;
				GCC_WARN_UNUSED_VARIABLE = YES;
				IPHONEOS_DEPLOYMENT_TARGET = 7.0;
				SDKROOT = iphoneos;
				TARGETED_DEVICE_FAMILY = "1,2";
				VALIDATE_PRODUCT = YES;
			};
			name = Release;
		};
		AE3907C91812ECD8001D7BBE /* Debug */ = {
			isa = XCBuildConfiguration;
			buildSettings = {
				ASSETCATALOG_COMPILER_APPICON_NAME = AppIcon;
				ASSETCATALOG_COMPILER_LAUNCHIMAGE_NAME = LaunchImage;
				GCC_PRECOMPILE_PREFIX_HEADER = YES;
				GCC_PREFIX_HEADER = "dropBeats/dropBeats-Prefix.pch";
				INFOPLIST_FILE = "dropBeats/dropBeats-Info.plist";
				PRODUCT_NAME = "$(TARGET_NAME)";
				SPRITEKIT_TEXTURE_ATLAS_OUTPUT = YES;
				WRAPPER_EXTENSION = app;
			};
			name = Debug;
		};
		AE3907CA1812ECD8001D7BBE /* Release */ = {
			isa = XCBuildConfiguration;
			buildSettings = {
				ASSETCATALOG_COMPILER_APPICON_NAME = AppIcon;
				ASSETCATALOG_COMPILER_LAUNCHIMAGE_NAME = LaunchImage;
				GCC_PRECOMPILE_PREFIX_HEADER = YES;
				GCC_PREFIX_HEADER = "dropBeats/dropBeats-Prefix.pch";
				INFOPLIST_FILE = "dropBeats/dropBeats-Info.plist";
				PRODUCT_NAME = "$(TARGET_NAME)";
				SPRITEKIT_TEXTURE_ATLAS_OUTPUT = YES;
				WRAPPER_EXTENSION = app;
			};
			name = Release;
		};
		AE3907CC1812ECD8001D7BBE /* Debug */ = {
			isa = XCBuildConfiguration;
			buildSettings = {
				ARCHS = "$(ARCHS_STANDARD_INCLUDING_64_BIT)";
				BUNDLE_LOADER = "$(BUILT_PRODUCTS_DIR)/dropBeats.app/dropBeats";
				FRAMEWORK_SEARCH_PATHS = (
					"$(SDKROOT)/Developer/Library/Frameworks",
					"$(inherited)",
					"$(DEVELOPER_FRAMEWORKS_DIR)",
				);
				GCC_PRECOMPILE_PREFIX_HEADER = YES;
				GCC_PREFIX_HEADER = "dropBeats/dropBeats-Prefix.pch";
				GCC_PREPROCESSOR_DEFINITIONS = (
					"DEBUG=1",
					"$(inherited)",
				);
				INFOPLIST_FILE = "dropBeatsTests/dropBeatsTests-Info.plist";
				PRODUCT_NAME = "$(TARGET_NAME)";
				TEST_HOST = "$(BUNDLE_LOADER)";
				WRAPPER_EXTENSION = xctest;
			};
			name = Debug;
		};
		AE3907CD1812ECD8001D7BBE /* Release */ = {
			isa = XCBuildConfiguration;
			buildSettings = {
				ARCHS = "$(ARCHS_STANDARD_INCLUDING_64_BIT)";
				BUNDLE_LOADER = "$(BUILT_PRODUCTS_DIR)/dropBeats.app/dropBeats";
				FRAMEWORK_SEARCH_PATHS = (
					"$(SDKROOT)/Developer/Library/Frameworks",
					"$(inherited)",
					"$(DEVELOPER_FRAMEWORKS_DIR)",
				);
				GCC_PRECOMPILE_PREFIX_HEADER = YES;
				GCC_PREFIX_HEADER = "dropBeats/dropBeats-Prefix.pch";
				INFOPLIST_FILE = "dropBeatsTests/dropBeatsTests-Info.plist";
				PRODUCT_NAME = "$(TARGET_NAME)";
				TEST_HOST = "$(BUNDLE_LOADER)";
				WRAPPER_EXTENSION = xctest;
			};
			name = Release;
		};
/* End XCBuildConfiguration section */

/* Begin XCConfigurationList section */
		AE3907871812ECD7001D7BBE /* Build configuration list for PBXProject "dropBeats" */ = {
			isa = XCConfigurationList;
			buildConfigurations = (
				AE3907C61812ECD8001D7BBE /* Debug */,
				AE3907C71812ECD8001D7BBE /* Release */,
			);
			defaultConfigurationIsVisible = 0;
			defaultConfigurationName = Release;
		};
		AE3907C81812ECD8001D7BBE /* Build configuration list for PBXNativeTarget "dropBeats" */ = {
			isa = XCConfigurationList;
			buildConfigurations = (
				AE3907C91812ECD8001D7BBE /* Debug */,
				AE3907CA1812ECD8001D7BBE /* Release */,
			);
			defaultConfigurationIsVisible = 0;
			defaultConfigurationName = Release;
		};
		AE3907CB1812ECD8001D7BBE /* Build configuration list for PBXNativeTarget "dropBeatsTests" */ = {
			isa = XCConfigurationList;
			buildConfigurations = (
				AE3907CC1812ECD8001D7BBE /* Debug */,
				AE3907CD1812ECD8001D7BBE /* Release */,
			);
			defaultConfigurationIsVisible = 0;
			defaultConfigurationName = Release;
		};
/* End XCConfigurationList section */
	};
	rootObject = AE3907841812ECD7001D7BBE /* Project object */;
}
